
Microsoft Visual Studio Solution File, Format Version 12.00
# Visual Studio 15
VisualStudioVersion = 15.0.28010.2003
MinimumVisualStudioVersion = 10.0.40219.1
Project("{FAE04EC0-301F-11D3-BF4B-00C04F79EFBC}") = "OnlineStoreProject.WEB", "OnlineStoreProject\OnlineStoreProject.WEB.csproj", "{ED6FE55D-B2C1-4E6F-8028-3A6AA1D2C0D3}"
EndProject
Project("{FAE04EC0-301F-11D3-BF4B-00C04F79EFBC}") = "OnlineStoreProject.DAL", "OnlineStoreProject.DAL\OnlineStoreProject.DAL.csproj", "{FCFDE708-56B7-40C2-A1CD-352899BE613C}"
EndProject
Project("{FAE04EC0-301F-11D3-BF4B-00C04F79EFBC}") = "OnlineStoreProject.BLL", "OnlineStoreProject.BLL\OnlineStoreProject.BLL.csproj", "{C4CB8287-C542-4B45-87A4-6FC00FD2E4FF}"
EndProject
Global
	GlobalSection(SolutionConfigurationPlatforms) = preSolution
		Debug|Any CPU = Debug|Any CPU
		Release|Any CPU = Release|Any CPU
	EndGlobalSection
	GlobalSection(ProjectConfigurationPlatforms) = postSolution
		{ED6FE55D-B2C1-4E6F-8028-3A6AA1D2C0D3}.Debug|Any CPU.ActiveCfg = Debug|Any CPU
		{ED6FE55D-B2C1-4E6F-8028-3A6AA1D2C0D3}.Debug|Any CPU.Build.0 = Debug|Any CPU
		{ED6FE55D-B2C1-4E6F-8028-3A6AA1D2C0D3}.Release|Any CPU.ActiveCfg = Release|Any CPU
		{ED6FE55D-B2C1-4E6F-8028-3A6AA1D2C0D3}.Release|Any CPU.Build.0 = Release|Any CPU
		{FCFDE708-56B7-40C2-A1CD-352899BE613C}.Debug|Any CPU.ActiveCfg = Debug|Any CPU
		{FCFDE708-56B7-40C2-A1CD-352899BE613C}.Debug|Any CPU.Build.0 = Debug|Any CPU
		{FCFDE708-56B7-40C2-A1CD-352899BE613C}.Release|Any CPU.ActiveCfg = Release|Any CPU
		{FCFDE708-56B7-40C2-A1CD-352899BE613C}.Release|Any CPU.Build.0 = Release|Any CPU
		{C4CB8287-C542-4B45-87A4-6FC00FD2E4FF}.Debug|Any CPU.ActiveCfg = Debug|Any CPU
		{C4CB8287-C542-4B45-87A4-6FC00FD2E4FF}.Debug|Any CPU.Build.0 = Debug|Any CPU
		{C4CB8287-C542-4B45-87A4-6FC00FD2E4FF}.Release|Any CPU.ActiveCfg = Release|Any CPU
		{C4CB8287-C542-4B45-87A4-6FC00FD2E4FF}.Release|Any CPU.Build.0 = Release|Any CPU
	EndGlobalSection
	GlobalSection(SolutionProperties) = preSolution
		HideSolutionNode = FALSE
	EndGlobalSection
	GlobalSection(ExtensibilityGlobals) = postSolution
		SolutionGuid = {29809607-CF33-4782-A010-CF6F2E86AF05}
	EndGlobalSection
EndGlobal
